
Microsoft Visual Studio Solution File, Format Version 12.00
# Visual Studio Version 16
VisualStudioVersion = 16.0.31515.178
MinimumVisualStudioVersion = 10.0.40219.1
Project("{FAE04EC0-301F-11D3-BF4B-00C04F79EFBC}") = "WizLib3", "WizLib3\WizLib3.csproj", "{3214319F-2ACD-4621-B4C8-5952E74530DB}"
EndProject
Project("{FAE04EC0-301F-11D3-BF4B-00C04F79EFBC}") = "WizLib3_DataAccess", "WizLib3_DataAccess\WizLib3_DataAccess.csproj", "{C591450E-765C-43C4-8924-DDE76610F45C}"
EndProject
Project("{FAE04EC0-301F-11D3-BF4B-00C04F79EFBC}") = "WizLib3_Model", "WizLib3_Model\WizLib3_Model.csproj", "{F00F465A-3AA1-4FBD-81A0-D04EC258C341}"
EndProject
Global
	GlobalSection(SolutionConfigurationPlatforms) = preSolution
		Debug|Any CPU = Debug|Any CPU
		Release|Any CPU = Release|Any CPU
	EndGlobalSection
	GlobalSection(ProjectConfigurationPlatforms) = postSolution
		{3214319F-2ACD-4621-B4C8-5952E74530DB}.Debug|Any CPU.ActiveCfg = Debug|Any CPU
		{3214319F-2ACD-4621-B4C8-5952E74530DB}.Debug|Any CPU.Build.0 = Debug|Any CPU
		{3214319F-2ACD-4621-B4C8-5952E74530DB}.Release|Any CPU.ActiveCfg = Release|Any CPU
		{3214319F-2ACD-4621-B4C8-5952E74530DB}.Release|Any CPU.Build.0 = Release|Any CPU
		{C591450E-765C-43C4-8924-DDE76610F45C}.Debug|Any CPU.ActiveCfg = Debug|Any CPU
		{C591450E-765C-43C4-8924-DDE76610F45C}.Debug|Any CPU.Build.0 = Debug|Any CPU
		{C591450E-765C-43C4-8924-DDE76610F45C}.Release|Any CPU.ActiveCfg = Release|Any CPU
		{C591450E-765C-43C4-8924-DDE76610F45C}.Release|Any CPU.Build.0 = Release|Any CPU
		{F00F465A-3AA1-4FBD-81A0-D04EC258C341}.Debug|Any CPU.ActiveCfg = Debug|Any CPU
		{F00F465A-3AA1-4FBD-81A0-D04EC258C341}.Debug|Any CPU.Build.0 = Debug|Any CPU
		{F00F465A-3AA1-4FBD-81A0-D04EC258C341}.Release|Any CPU.ActiveCfg = Release|Any CPU
		{F00F465A-3AA1-4FBD-81A0-D04EC258C341}.Release|Any CPU.Build.0 = Release|Any CPU
	EndGlobalSection
	GlobalSection(SolutionProperties) = preSolution
		HideSolutionNode = FALSE
	EndGlobalSection
	GlobalSection(ExtensibilityGlobals) = postSolution
		SolutionGuid = {010B57E0-0D74-447B-BADE-7E43FAB1ADCF}
	EndGlobalSection
EndGlobal
